
Microsoft Visual Studio Solution File, Format Version 12.00
# Visual Studio Version 17
VisualStudioVersion = 17.3.32929.385
MinimumVisualStudioVersion = 10.0.40219.1
Project("{FAE04EC0-301F-11D3-BF4B-00C04F79EFBC}") = "Miner", "Miner.csproj", "{4DD884C0-67FB-4BB1-9957-B51C47B9832D}"
EndProject
Global
	GlobalSection(SolutionConfigurationPlatforms) = preSolution
		Debug|Any CPU = Debug|Any CPU
		Release|Any CPU = Release|Any CPU
	EndGlobalSection
	GlobalSection(ProjectConfigurationPlatforms) = postSolution
		{4DD884C0-67FB-4BB1-9957-B51C47B9832D}.Debug|Any CPU.ActiveCfg = Debug|Any CPU
		{4DD884C0-67FB-4BB1-9957-B51C47B9832D}.Debug|Any CPU.Build.0 = Debug|Any CPU
		{4DD884C0-67FB-4BB1-9957-B51C47B9832D}.Release|Any CPU.ActiveCfg = Release|Any CPU
		{4DD884C0-67FB-4BB1-9957-B51C47B9832D}.Release|Any CPU.Build.0 = Release|Any CPU
	EndGlobalSection
	GlobalSection(SolutionProperties) = preSolution
		HideSolutionNode = FALSE
	EndGlobalSection
	GlobalSection(ExtensibilityGlobals) = postSolution
		SolutionGuid = {E7F437D7-483A-4668-AA01-AADE7B1648FA}
	EndGlobalSection
EndGlobal
